
Microsoft Visual Studio Solution File, Format Version 12.00
# Visual Studio Version 16
VisualStudioVersion = 16.0.31613.86
MinimumVisualStudioVersion = 10.0.40219.1
Project("{FAE04EC0-301F-11D3-BF4B-00C04F79EFBC}") = "Indexer", "Indexer.csproj", "{8AA96C3E-B740-4657-8F3D-C92AA26345A3}"
EndProject
Global
	GlobalSection(SolutionConfigurationPlatforms) = preSolution
		Debug|Any CPU = Debug|Any CPU
		Release|Any CPU = Release|Any CPU
	EndGlobalSection
	GlobalSection(ProjectConfigurationPlatforms) = postSolution
		{8AA96C3E-B740-4657-8F3D-C92AA26345A3}.Debug|Any CPU.ActiveCfg = Debug|Any CPU
		{8AA96C3E-B740-4657-8F3D-C92AA26345A3}.Debug|Any CPU.Build.0 = Debug|Any CPU
		{8AA96C3E-B740-4657-8F3D-C92AA26345A3}.Release|Any CPU.ActiveCfg = Release|Any CPU
		{8AA96C3E-B740-4657-8F3D-C92AA26345A3}.Release|Any CPU.Build.0 = Release|Any CPU
	EndGlobalSection
	GlobalSection(SolutionProperties) = preSolution
		HideSolutionNode = FALSE
	EndGlobalSection
	GlobalSection(ExtensibilityGlobals) = postSolution
		SolutionGuid = {5BD892C6-261C-4FCD-B66F-8D0F4D06ADE8}
	EndGlobalSection
EndGlobal
